
Microsoft Visual Studio Solution File, Format Version 12.00
# Visual Studio Version 17
VisualStudioVersion = 17.14.36401.2
MinimumVisualStudioVersion = 10.0.40219.1
Project("{8BC9CEB8-8B4A-11D0-8D11-00A0C91BC942}") = "QtClient", "QtClient\QtClient.vcxproj", "{C1E66BFD-35BB-4F10-88AB-4503EFA17404}"
EndProject
Project("{8BC9CEB8-8B4A-11D0-8D11-00A0C91BC942}") = "QtQuickClient", "QtQuickClient\QtQuickClient.vcxproj", "{B0873357-1D82-4447-AC4F-EAB82D962CF6}"
EndProject
Global
	GlobalSection(SolutionConfigurationPlatforms) = preSolution
		Debug|x64 = Debug|x64
		Release|x64 = Release|x64
	EndGlobalSection
	GlobalSection(ProjectConfigurationPlatforms) = postSolution
		{C1E66BFD-35BB-4F10-88AB-4503EFA17404}.Debug|x64.ActiveCfg = Debug|x64
		{C1E66BFD-35BB-4F10-88AB-4503EFA17404}.Debug|x64.Build.0 = Debug|x64
		{C1E66BFD-35BB-4F10-88AB-4503EFA17404}.Release|x64.ActiveCfg = Release|x64
		{C1E66BFD-35BB-4F10-88AB-4503EFA17404}.Release|x64.Build.0 = Release|x64
		{B0873357-1D82-4447-AC4F-EAB82D962CF6}.Debug|x64.ActiveCfg = Debug|x64
		{B0873357-1D82-4447-AC4F-EAB82D962CF6}.Debug|x64.Build.0 = Debug|x64
		{B0873357-1D82-4447-AC4F-EAB82D962CF6}.Release|x64.ActiveCfg = Release|x64
		{B0873357-1D82-4447-AC4F-EAB82D962CF6}.Release|x64.Build.0 = Release|x64
	EndGlobalSection
	GlobalSection(SolutionProperties) = preSolution
		HideSolutionNode = FALSE
	EndGlobalSection
	GlobalSection(ExtensibilityGlobals) = postSolution
		SolutionGuid = {8B70998A-0A88-4DE3-B3DC-EC2106276445}
	EndGlobalSection
EndGlobal
